
Microsoft Visual Studio Solution File, Format Version 12.00
# Visual Studio Version 17
VisualStudioVersion = 17.13.35825.156 d17.13
MinimumVisualStudioVersion = 10.0.40219.1
Project("{FAE04EC0-301F-11D3-BF4B-00C04F79EFBC}") = "SecureApp", "SecureApp.csproj", "{22A743B8-E478-424A-92A6-A462830ACBDF}"
EndProject
Global
	GlobalSection(SolutionConfigurationPlatforms) = preSolution
		Debug|Any CPU = Debug|Any CPU
		Release|Any CPU = Release|Any CPU
	EndGlobalSection
	GlobalSection(ProjectConfigurationPlatforms) = postSolution
		{22A743B8-E478-424A-92A6-A462830ACBDF}.Debug|Any CPU.ActiveCfg = Debug|Any CPU
		{22A743B8-E478-424A-92A6-A462830ACBDF}.Debug|Any CPU.Build.0 = Debug|Any CPU
		{22A743B8-E478-424A-92A6-A462830ACBDF}.Release|Any CPU.ActiveCfg = Release|Any CPU
		{22A743B8-E478-424A-92A6-A462830ACBDF}.Release|Any CPU.Build.0 = Release|Any CPU
	EndGlobalSection
	GlobalSection(SolutionProperties) = preSolution
		HideSolutionNode = FALSE
	EndGlobalSection
	GlobalSection(ExtensibilityGlobals) = postSolution
		SolutionGuid = {8322D8DB-BF05-49D5-ABF8-440D55EFD61D}
	EndGlobalSection
EndGlobal
